// !$*UTF8*$!
{
	archiveVersion = 1;
	classes = {
	};
	objectVersion = 55;
	objects = {

/* Begin PBXBuildFile section */
		4316AF70273C68DC00113CE4 /* a10.c in Sources */ = {isa = PBXBuildFile; fileRef = 4316AF6F273C68DC00113CE4 /* a10.c */; };
		438B28CF27285C6F00CE3767 /* sish.c in Sources */ = {isa = PBXBuildFile; fileRef = 438B28CE27285C6F00CE3767 /* sish.c */; };
		438B28D727285E2000CE3767 /* sishakito.c in Sources */ = {isa = PBXBuildFile; fileRef = 438B28D527285E2000CE3767 /* sishakito.c */; };
		438B28D827285E2000CE3767 /* sishnathan.c in Sources */ = {isa = PBXBuildFile; fileRef = 438B28D627285E2000CE3767 /* sishnathan.c */; };
		438B28DC27285FEE00CE3767 /* db.c in Sources */ = {isa = PBXBuildFile; fileRef = 438B28D927285FEE00CE3767 /* db.c */; };
		438B28DD27285FEE00CE3767 /* a8.c in Sources */ = {isa = PBXBuildFile; fileRef = 438B28DB27285FEE00CE3767 /* a8.c */; };
		438B28DF2728621800CE3767 /* clineinput.c in Sources */ = {isa = PBXBuildFile; fileRef = 438B28DE2728621800CE3767 /* clineinput.c */; };
		438B28E12728662500CE3767 /* builtin.c in Sources */ = {isa = PBXBuildFile; fileRef = 438B28E02728662500CE3767 /* builtin.c */; };
		438B28E32728663D00CE3767 /* excfile.c in Sources */ = {isa = PBXBuildFile; fileRef = 438B28E22728663D00CE3767 /* excfile.c */; };
		43A54B89274DB08F004E46CB /* server.c in Sources */ = {isa = PBXBuildFile; fileRef = 43A54B88274DB08F004E46CB /* server.c */; };
		43A91FFC272F79D800DB10DE /* sishan.c in Sources */ = {isa = PBXBuildFile; fileRef = 43A91FFB272F79D800DB10DE /* sishan.c */; };
/* End PBXBuildFile section */

/* Begin PBXCopyFilesBuildPhase section */
		438B28C927285C6F00CE3767 /* CopyFiles */ = {
			isa = PBXCopyFilesBuildPhase;
			buildActionMask = 2147483647;
			dstPath = /usr/share/man/man1/;
			dstSubfolderSpec = 0;
			files = (
			);
			runOnlyForDeploymentPostprocessing = 1;
		};
/* End PBXCopyFilesBuildPhase section */

/* Begin PBXFileReference section */
		4316AF6F273C68DC00113CE4 /* a10.c */ = {isa = PBXFileReference; lastKnownFileType = sourcecode.c.c; path = a10.c; sourceTree = "<group>"; };
		438B28CB27285C6F00CE3767 /* ClassWork */ = {isa = PBXFileReference; explicitFileType = "compiled.mach-o.executable"; includeInIndex = 0; path = ClassWork; sourceTree = BUILT_PRODUCTS_DIR; };
		438B28CE27285C6F00CE3767 /* sish.c */ = {isa = PBXFileReference; lastKnownFileType = sourcecode.c.c; path = sish.c; sourceTree = "<group>"; };
		438B28D527285E2000CE3767 /* sishakito.c */ = {isa = PBXFileReference; fileEncoding = 4; lastKnownFileType = sourcecode.c.c; path = sishakito.c; sourceTree = "<group>"; };
		438B28D627285E2000CE3767 /* sishnathan.c */ = {isa = PBXFileReference; fileEncoding = 4; lastKnownFileType = sourcecode.c.c; path = sishnathan.c; sourceTree = "<group>"; };
		438B28D927285FEE00CE3767 /* db.c */ = {isa = PBXFileReference; fileEncoding = 4; lastKnownFileType = sourcecode.c.c; path = db.c; sourceTree = "<group>"; };
		438B28DA27285FEE00CE3767 /* sr.h */ = {isa = PBXFileReference; fileEncoding = 4; lastKnownFileType = sourcecode.c.h; path = sr.h; sourceTree = "<group>"; };
		438B28DB27285FEE00CE3767 /* a8.c */ = {isa = PBXFileReference; fileEncoding = 4; lastKnownFileType = sourcecode.c.c; path = a8.c; sourceTree = "<group>"; };
		438B28DE2728621800CE3767 /* clineinput.c */ = {isa = PBXFileReference; lastKnownFileType = sourcecode.c.c; path = clineinput.c; sourceTree = "<group>"; };
		438B28E02728662500CE3767 /* builtin.c */ = {isa = PBXFileReference; lastKnownFileType = sourcecode.c.c; path = builtin.c; sourceTree = "<group>"; };
		438B28E22728663D00CE3767 /* excfile.c */ = {isa = PBXFileReference; lastKnownFileType = sourcecode.c.c; path = excfile.c; sourceTree = "<group>"; };
		43A54B88274DB08F004E46CB /* server.c */ = {isa = PBXFileReference; lastKnownFileType = sourcecode.c.c; path = server.c; sourceTree = "<group>"; };
		43A91FFB272F79D800DB10DE /* sishan.c */ = {isa = PBXFileReference; fileEncoding = 4; lastKnownFileType = sourcecode.c.c; path = sishan.c; sourceTree = "<group>"; };
/* End PBXFileReference section */

/* Begin PBXFrameworksBuildPhase section */
		438B28C827285C6F00CE3767 /* Frameworks */ = {
			isa = PBXFrameworksBuildPhase;
			buildActionMask = 2147483647;
			files = (
			);
			runOnlyForDeploymentPostprocessing = 0;
		};
/* End PBXFrameworksBuildPhase section */

/* Begin PBXGroup section */
		438B28C227285C6F00CE3767 = {
			isa = PBXGroup;
			children = (
				438B28CD27285C6F00CE3767 /* ClassWork */,
				438B28D527285E2000CE3767 /* sishakito.c */,
				438B28D627285E2000CE3767 /* sishnathan.c */,
				438B28DB27285FEE00CE3767 /* a8.c */,
				43A91FFB272F79D800DB10DE /* sishan.c */,
				438B28D927285FEE00CE3767 /* db.c */,
				438B28DA27285FEE00CE3767 /* sr.h */,
				438B28CC27285C6F00CE3767 /* Products */,
			);
			sourceTree = "<group>";
		};
		438B28CC27285C6F00CE3767 /* Products */ = {
			isa = PBXGroup;
			children = (
				438B28CB27285C6F00CE3767 /* ClassWork */,
			);
			name = Products;
			sourceTree = "<group>";
		};
		438B28CD27285C6F00CE3767 /* ClassWork */ = {
			isa = PBXGroup;
			children = (
				438B28CE27285C6F00CE3767 /* sish.c */,
				438B28DE2728621800CE3767 /* clineinput.c */,
				438B28E02728662500CE3767 /* builtin.c */,
				438B28E22728663D00CE3767 /* excfile.c */,
				4316AF6F273C68DC00113CE4 /* a10.c */,
				43A54B88274DB08F004E46CB /* server.c */,
			);
			path = ClassWork;
			sourceTree = "<group>";
		};
/* End PBXGroup section */

/* Begin PBXNativeTarget section */
		438B28CA27285C6F00CE3767 /* ClassWork */ = {
			isa = PBXNativeTarget;
			buildConfigurationList = 438B28D227285C6F00CE3767 /* Build configuration list for PBXNativeTarget "ClassWork" */;
			buildPhases = (
				438B28C727285C6F00CE3767 /* Sources */,
				438B28C827285C6F00CE3767 /* Frameworks */,
				438B28C927285C6F00CE3767 /* CopyFiles */,
			);
			buildRules = (
			);
			dependencies = (
			);
			name = ClassWork;
			productName = ClassWork;
			productReference = 438B28CB27285C6F00CE3767 /* ClassWork */;
			productType = "com.apple.product-type.tool";
		};
/* End PBXNativeTarget section */

/* Begin PBXProject section */
		438B28C327285C6F00CE3767 /* Project object */ = {
			isa = PBXProject;
			attributes = {
				BuildIndependentTargetsInParallel = 1;
				LastUpgradeCheck = 1300;
				TargetAttributes = {
					438B28CA27285C6F00CE3767 = {
						CreatedOnToolsVersion = 13.0;
					};
				};
			};
			buildConfigurationList = 438B28C627285C6F00CE3767 /* Build configuration list for PBXProject "ClassWork" */;
			compatibilityVersion = "Xcode 13.0";
			developmentRegion = en;
			hasScannedForEncodings = 0;
			knownRegions = (
				en,
				Base,
			);
			mainGroup = 438B28C227285C6F00CE3767;
			productRefGroup = 438B28CC27285C6F00CE3767 /* Products */;
			projectDirPath = "";
			projectRoot = "";
			targets = (
				438B28CA27285C6F00CE3767 /* ClassWork */,
			);
		};
/* End PBXProject section */

/* Begin PBXSourcesBuildPhase section */
		438B28C727285C6F00CE3767 /* Sources */ = {
			isa = PBXSourcesBuildPhase;
			buildActionMask = 2147483647;
			files = (
				43A54B89274DB08F004E46CB /* server.c in Sources */,
				438B28CF27285C6F00CE3767 /* sish.c in Sources */,
				43A91FFC272F79D800DB10DE /* sishan.c in Sources */,
				438B28D827285E2000CE3767 /* sishnathan.c in Sources */,
				438B28E32728663D00CE3767 /* excfile.c in Sources */,
				438B28DD27285FEE00CE3767 /* a8.c in Sources */,
				438B28D727285E2000CE3767 /* sishakito.c in Sources */,
				4316AF70273C68DC00113CE4 /* a10.c in Sources */,
				438B28DF2728621800CE3767 /* clineinput.c in Sources */,
				438B28E12728662500CE3767 /* builtin.c in Sources */,
				438B28DC27285FEE00CE3767 /* db.c in Sources */,
			);
			runOnlyForDeploymentPostprocessing = 0;
		};
/* End PBXSourcesBuildPhase section */

/* Begin XCBuildConfiguration section */
		438B28D027285C6F00CE3767 /* Debug */ = {
			isa = XCBuildConfiguration;
			buildSettings = {
				ALWAYS_SEARCH_USER_PATHS = NO;
				CLANG_ANALYZER_NONNULL = YES;
				CLANG_ANALYZER_NUMBER_OBJECT_CONVERSION = YES_AGGRESSIVE;
				CLANG_CXX_LANGUAGE_STANDARD = "gnu++17";
				CLANG_CXX_LIBRARY = "libc++";
				CLANG_ENABLE_MODULES = YES;
				CLANG_ENABLE_OBJC_ARC = YES;
				CLANG_ENABLE_OBJC_WEAK = YES;
				CLANG_WARN_BLOCK_CAPTURE_AUTORELEASING = YES;
				CLANG_WARN_BOOL_CONVERSION = YES;
				CLANG_WARN_COMMA = YES;
				CLANG_WARN_CONSTANT_CONVERSION = YES;
				CLANG_WARN_DEPRECATED_OBJC_IMPLEMENTATIONS = YES;
				CLANG_WARN_DIRECT_OBJC_ISA_USAGE = YES_ERROR;
				CLANG_WARN_DOCUMENTATION_COMMENTS = YES;
				CLANG_WARN_EMPTY_BODY = YES;
				CLANG_WARN_ENUM_CONVERSION = YES;
				CLANG_WARN_INFINITE_RECURSION = YES;
				CLANG_WARN_INT_CONVERSION = YES;
				CLANG_WARN_NON_LITERAL_NULL_CONVERSION = YES;
				CLANG_WARN_OBJC_IMPLICIT_RETAIN_SELF = YES;
				CLANG_WARN_OBJC_LITERAL_CONVERSION = YES;
				CLANG_WARN_OBJC_ROOT_CLASS = YES_ERROR;
				CLANG_WARN_QUOTED_INCLUDE_IN_FRAMEWORK_HEADER = YES;
				CLANG_WARN_RANGE_LOOP_ANALYSIS = YES;
				CLANG_WARN_STRICT_PROTOTYPES = YES;
				CLANG_WARN_SUSPICIOUS_MOVE = YES;
				CLANG_WARN_UNGUARDED_AVAILABILITY = YES_AGGRESSIVE;
				CLANG_WARN_UNREACHABLE_CODE = YES;
				CLANG_WARN__DUPLICATE_METHOD_MATCH = YES;
				COPY_PHASE_STRIP = NO;
				DEBUG_INFORMATION_FORMAT = dwarf;
				ENABLE_STRICT_OBJC_MSGSEND = YES;
				ENABLE_TESTABILITY = YES;
				GCC_C_LANGUAGE_STANDARD = gnu11;
				GCC_DYNAMIC_NO_PIC = NO;
				GCC_NO_COMMON_BLOCKS = YES;
				GCC_OPTIMIZATION_LEVEL = 0;
				GCC_PREPROCESSOR_DEFINITIONS = (
					"DEBUG=1",
					"$(inherited)",
				);
				GCC_WARN_64_TO_32_BIT_CONVERSION = YES;
				GCC_WARN_ABOUT_RETURN_TYPE = YES_ERROR;
				GCC_WARN_UNDECLARED_SELECTOR = YES;
				GCC_WARN_UNINITIALIZED_AUTOS = YES_AGGRESSIVE;
				GCC_WARN_UNUSED_FUNCTION = YES;
				GCC_WARN_UNUSED_VARIABLE = YES;
				MACOSX_DEPLOYMENT_TARGET = 11.3;
				MTL_ENABLE_DEBUG_INFO = INCLUDE_SOURCE;
				MTL_FAST_MATH = YES;
				ONLY_ACTIVE_ARCH = YES;
				SDKROOT = macosx;
			};
			name = Debug;
		};
		438B28D127285C6F00CE3767 /* Release */ = {
			isa = XCBuildConfiguration;
			buildSettings = {
				ALWAYS_SEARCH_USER_PATHS = NO;
				CLANG_ANALYZER_NONNULL = YES;
				CLANG_ANALYZER_NUMBER_OBJECT_CONVERSION = YES_AGGRESSIVE;
				CLANG_CXX_LANGUAGE_STANDARD = "gnu++17";
				CLANG_CXX_LIBRARY = "libc++";
				CLANG_ENABLE_MODULES = YES;
				CLANG_ENABLE_OBJC_ARC = YES;
				CLANG_ENABLE_OBJC_WEAK = YES;
				CLANG_WARN_BLOCK_CAPTURE_AUTORELEASING = YES;
				CLANG_WARN_BOOL_CONVERSION = YES;
				CLANG_WARN_COMMA = YES;
				CLANG_WARN_CONSTANT_CONVERSION = YES;
				CLANG_WARN_DEPRECATED_OBJC_IMPLEMENTATIONS = YES;
				CLANG_WARN_DIRECT_OBJC_ISA_USAGE = YES_ERROR;
				CLANG_WARN_DOCUMENTATION_COMMENTS = YES;
				CLANG_WARN_EMPTY_BODY = YES;
				CLANG_WARN_ENUM_CONVERSION = YES;
				CLANG_WARN_INFINITE_RECURSION = YES;
				CLANG_WARN_INT_CONVERSION = YES;
				CLANG_WARN_NON_LITERAL_NULL_CONVERSION = YES;
				CLANG_WARN_OBJC_IMPLICIT_RETAIN_SELF = YES;
				CLANG_WARN_OBJC_LITERAL_CONVERSION = YES;
				CLANG_WARN_OBJC_ROOT_CLASS = YES_ERROR;
				CLANG_WARN_QUOTED_INCLUDE_IN_FRAMEWORK_HEADER = YES;
				CLANG_WARN_RANGE_LOOP_ANALYSIS = YES;
				CLANG_WARN_STRICT_PROTOTYPES = YES;
				CLANG_WARN_SUSPICIOUS_MOVE = YES;
				CLANG_WARN_UNGUARDED_AVAILABILITY = YES_AGGRESSIVE;
				CLANG_WARN_UNREACHABLE_CODE = YES;
				CLANG_WARN__DUPLICATE_METHOD_MATCH = YES;
				COPY_PHASE_STRIP = NO;
				DEBUG_INFORMATION_FORMAT = "dwarf-with-dsym";
				ENABLE_NS_ASSERTIONS = NO;
				ENABLE_STRICT_OBJC_MSGSEND = YES;
				GCC_C_LANGUAGE_STANDARD = gnu11;
				GCC_NO_COMMON_BLOCKS = YES;
				GCC_WARN_64_TO_32_BIT_CONVERSION = YES;
				GCC_WARN_ABOUT_RETURN_TYPE = YES_ERROR;
				GCC_WARN_UNDECLARED_SELECTOR = YES;
				GCC_WARN_UNINITIALIZED_AUTOS = YES_AGGRESSIVE;
				GCC_WARN_UNUSED_FUNCTION = YES;
				GCC_WARN_UNUSED_VARIABLE = YES;
				MACOSX_DEPLOYMENT_TARGET = 11.3;
				MTL_ENABLE_DEBUG_INFO = NO;
				MTL_FAST_MATH = YES;
				SDKROOT = macosx;
			};
			name = Release;
		};
		438B28D327285C6F00CE3767 /* Debug */ = {
			isa = XCBuildConfiguration;
			buildSettings = {
				CODE_SIGN_STYLE = Automatic;
				PRODUCT_NAME = "$(TARGET_NAME)";
			};
			name = Debug;
		};
		438B28D427285C6F00CE3767 /* Release */ = {
			isa = XCBuildConfiguration;
			buildSettings = {
				CODE_SIGN_STYLE = Automatic;
				PRODUCT_NAME = "$(TARGET_NAME)";
			};
			name = Release;
		};
/* End XCBuildConfiguration section */

/* Begin XCConfigurationList section */
		438B28C627285C6F00CE3767 /* Build configuration list for PBXProject "ClassWork" */ = {
			isa = XCConfigurationList;
			buildConfigurations = (
				438B28D027285C6F00CE3767 /* Debug */,
				438B28D127285C6F00CE3767 /* Release */,
			);
			defaultConfigurationIsVisible = 0;
			defaultConfigurationName = Release;
		};
		438B28D227285C6F00CE3767 /* Build configuration list for PBXNativeTarget "ClassWork" */ = {
			isa = XCConfigurationList;
			buildConfigurations = (
				438B28D327285C6F00CE3767 /* Debug */,
				438B28D427285C6F00CE3767 /* Release */,
			);
			defaultConfigurationIsVisible = 0;
			defaultConfigurationName = Release;
		};
/* End XCConfigurationList section */
	};
	rootObject = 438B28C327285C6F00CE3767 /* Project object */;
}
